Microsoft Visual Studio Solution File, Format Version 11.00
# Visual Studio 2010
# SharpDevelop 5.1
Project("{FAE04EC0-301F-11D3-BF4B-00C04F79EFBC}") = "CodeDojo", "CodeDojo\CodeDojo.csproj", "{6CF97F94-A936-475F-B2F4-A43741755904}"
EndProject
Project("{FAE04EC0-301F-11D3-BF4B-00C04F79EFBC}") = "CodeDojo.Anagram.UnitTests", "CodeDojo.Anagram.UnitTests\CodeDojo.Anagram.UnitTests.csproj", "{3BC53ADA-16BC-4357-9F90-8F9D20B2D48A}"
EndProject
Project("{FAE04EC0-301F-11D3-BF4B-00C04F79EFBC}") = "CodeDojo.Anagram", "CodeDojo.Anagram\CodeDojo.Anagram.csproj", "{DD870E2A-0D44-4C37-A45C-EF84AC19C241}"
EndProject
Global
	GlobalSection(SolutionConfigurationPlatforms) = preSolution
		Debug|Any CPU = Debug|Any CPU
		Release|Any CPU = Release|Any CPU
	EndGlobalSection
	GlobalSection(ProjectConfigurationPlatforms) = postSolution
		{6CF97F94-A936-475F-B2F4-A43741755904}.Debug|Any CPU.ActiveCfg = Debug|Any CPU
		{6CF97F94-A936-475F-B2F4-A43741755904}.Debug|Any CPU.Build.0 = Debug|Any CPU
		{6CF97F94-A936-475F-B2F4-A43741755904}.Release|Any CPU.ActiveCfg = Release|Any CPU
		{6CF97F94-A936-475F-B2F4-A43741755904}.Release|Any CPU.Build.0 = Release|Any CPU
		{3BC53ADA-16BC-4357-9F90-8F9D20B2D48A}.Debug|Any CPU.ActiveCfg = Debug|Any CPU
		{3BC53ADA-16BC-4357-9F90-8F9D20B2D48A}.Debug|Any CPU.Build.0 = Debug|Any CPU
		{3BC53ADA-16BC-4357-9F90-8F9D20B2D48A}.Release|Any CPU.ActiveCfg = Release|Any CPU
		{3BC53ADA-16BC-4357-9F90-8F9D20B2D48A}.Release|Any CPU.Build.0 = Release|Any CPU
		{DD870E2A-0D44-4C37-A45C-EF84AC19C241}.Debug|Any CPU.ActiveCfg = Debug|Any CPU
		{DD870E2A-0D44-4C37-A45C-EF84AC19C241}.Debug|Any CPU.Build.0 = Debug|Any CPU
		{DD870E2A-0D44-4C37-A45C-EF84AC19C241}.Release|Any CPU.ActiveCfg = Release|Any CPU
		{DD870E2A-0D44-4C37-A45C-EF84AC19C241}.Release|Any CPU.Build.0 = Release|Any CPU
	EndGlobalSection
EndGlobal
